{
  "version": 4,
  "terraform_version": "0.12.10",
  "serial": 31,
  "lineage": "8a4f1dc3-30d7-daa2-6538-5274c7116b32",
  "outputs": {},
  "resources": [
    {
      "mode": "managed",
      "type": "google_compute_instance",
      "name": "default",
      "each": "map",
      "provider": "provider.google",
      "instances": [
        {
          "index_key": "app-01",
          "schema_version": 6,
          "attributes": {
            "allow_stopping_for_update": null,
            "attached_disk": [],
            "boot_disk": [
              {
                "auto_delete": true,
                "device_name": "persistent-disk-0",
                "disk_encryption_key_raw": "",
                "disk_encryption_key_sha256": "",
                "initialize_params": [
                  {
                    "image": "https://www.googleapis.com/compute/v1/projects/debian-cloud/global/images/debian-9-stretch-v20200805",
                    "labels": {},
                    "size": 10,
                    "type": "pd-standard"
                  }
                ],
                "kms_key_self_link": "",
                "mode": "READ_WRITE",
                "source": "https://www.googleapis.com/compute/v1/projects/gcp-learning-283803/zones/us-central1-a/disks/backend-app-01"
              }
            ],
            "can_ip_forward": false,
            "cpu_platform": "Intel Haswell",
            "current_status": "RUNNING",
            "deletion_protection": false,
            "description": "",
            "desired_status": null,
            "enable_display": false,
            "guest_accelerator": [],
            "hostname": "",
            "id": "projects/gcp-learning-283803/zones/us-central1-a/instances/backend-app-01",
            "instance_id": "8332297957266398819",
            "label_fingerprint": "42WmSpB8rSM=",
            "labels": null,
            "machine_type": "f1-micro",
            "metadata": {
              "ssh-keys": "saimon:for server 1\nssh-rsa AAAAB3NzaC1yc2EAAAADAQABAAABAQC5ld4sT7Y+1EPgCojO70sxUO5pw55Nw+a7glMfw+YX5ChsJCvcN2/l+F5brip811WIMMzGl7xCKIlZWsQ38wAz/ZLA04uNz7oT9V8S39ClIrO/UueSXOgrLzj4IJmysaOX8qSIZ5yX92aQl/vbFa91NuBWaWm8YDweh2Tc+bRtxrRrxFNYwYhoaN2qjjxcL6jEPm2Dmtcqgxb2vv0WuwkOc/IkQQNoJ4wXZQvtrmN+kMj3pwmXi9vP6aGjDj22bdGEi6gEApPr2Yxyzlu74Qy1nAQtaMLTRaYSTBt/ZzfNrh/t/0w4YqszHV0HGb4xOLXLT+OwYOQnn2D1XXrH4QOl saimon@sMacBook.local\n\n"
            },
            "metadata_fingerprint": "Z7eQOh7qDrM=",
            "metadata_startup_script": "#!/bin/bash\napt-get update -y\napt-get install apache2 -y\napt-get install mysql-server -y\n#apt install php libapache2-mod-php -y\necho \"I am from $(hostname)\" \u003e /var/www/html/index.html\nmysql -u root -h 10.33.0.3 -p\"Sa961419!\" -e 'show processlist' \u003e\u003e /var/www/html/index.html\nsystemctl restart apache2\n",
            "min_cpu_platform": "",
            "name": "backend-app-01",
            "network_interface": [
              {
                "access_config": [],
                "alias_ip_range": [],
                "name": "nic0",
                "network": "https://www.googleapis.com/compute/v1/projects/gcp-learning-283803/global/networks/dev-vpc",
                "network_ip": "192.168.1.2",
                "subnetwork": "https://www.googleapis.com/compute/v1/projects/gcp-learning-283803/regions/us-central1/subnetworks/private-subnet-uscentral1",
                "subnetwork_project": "gcp-learning-283803"
              }
            ],
            "project": "gcp-learning-283803",
            "resource_policies": null,
            "scheduling": [
              {
                "automatic_restart": true,
                "node_affinities": [],
                "on_host_maintenance": "MIGRATE",
                "preemptible": false
              }
            ],
            "scratch_disk": [],
            "self_link": "https://www.googleapis.com/compute/v1/projects/gcp-learning-283803/zones/us-central1-a/instances/backend-app-01",
            "service_account": [],
            "shielded_instance_config": [],
            "tags": [
              "app-01"
            ],
            "tags_fingerprint": "29ieEseeb9U=",
            "timeouts": null,
            "zone": "us-central1-a"
          },
          "private": "eyJlMmJmYjczMC1lY2FhLTExZTYtOGY4OC0zNDM2M2JjN2M0YzAiOnsiY3JlYXRlIjoxMjAwMDAwMDAwMDAwLCJkZWxldGUiOjEyMDAwMDAwMDAwMDAsInVwZGF0ZSI6MTIwMDAwMDAwMDAwMH0sInNjaGVtYV92ZXJzaW9uIjoiNiJ9"
        },
        {
          "index_key": "app-02",
          "schema_version": 6,
          "attributes": {
            "allow_stopping_for_update": null,
            "attached_disk": [],
            "boot_disk": [
              {
                "auto_delete": true,
                "device_name": "persistent-disk-0",
                "disk_encryption_key_raw": "",
                "disk_encryption_key_sha256": "",
                "initialize_params": [
                  {
                    "image": "https://www.googleapis.com/compute/v1/projects/debian-cloud/global/images/debian-9-stretch-v20200805",
                    "labels": {},
                    "size": 10,
                    "type": "pd-standard"
                  }
                ],
                "kms_key_self_link": "",
                "mode": "READ_WRITE",
                "source": "https://www.googleapis.com/compute/v1/projects/gcp-learning-283803/zones/us-central1-b/disks/backend-app-02"
              }
            ],
            "can_ip_forward": false,
            "cpu_platform": "Intel Haswell",
            "current_status": "RUNNING",
            "deletion_protection": false,
            "description": "",
            "desired_status": null,
            "enable_display": false,
            "guest_accelerator": [],
            "hostname": "",
            "id": "projects/gcp-learning-283803/zones/us-central1-b/instances/backend-app-02",
            "instance_id": "3540039298828181091",
            "label_fingerprint": "42WmSpB8rSM=",
            "labels": null,
            "machine_type": "f1-micro",
            "metadata": {
              "ssh-keys": "saimon:for server 2\nssh-rsa AAAAB3NzaC1yc2EAAAADAQABAAABAQC5ld4sT7Y+1EPgCojO70sxUO5pw55Nw+a7glMfw+YX5ChsJCvcN2/l+F5brip811WIMMzGl7xCKIlZWsQ38wAz/ZLA04uNz7oT9V8S39ClIrO/UueSXOgrLzj4IJmysaOX8qSIZ5yX92aQl/vbFa91NuBWaWm8YDweh2Tc+bRtxrRrxFNYwYhoaN2qjjxcL6jEPm2Dmtcqgxb2vv0WuwkOc/IkQQNoJ4wXZQvtrmN+kMj3pwmXi9vP6aGjDj22bdGEi6gEApPr2Yxyzlu74Qy1nAQtaMLTRaYSTBt/ZzfNrh/t/0w4YqszHV0HGb4xOLXLT+OwYOQnn2D1XXrH4QOl saimon@sMacBook.local\n"
            },
            "metadata_fingerprint": "dzgYT-DW1Fs=",
            "metadata_startup_script": "#!/bin/bash\napt-get update -y\napt-get install apache2 -y\napt-get install mysql-server -y\n#apt install php libapache2-mod-php -y\necho \"I am from $(hostname)\" \u003e /var/www/html/index.html\nmysql -u root -h 10.33.0.3 -p\"Sa961419!\" -e 'show processlist' \u003e\u003e /var/www/html/index.html\nsystemctl restart apache2\n",
            "min_cpu_platform": "",
            "name": "backend-app-02",
            "network_interface": [
              {
                "access_config": [],
                "alias_ip_range": [],
                "name": "nic0",
                "network": "https://www.googleapis.com/compute/v1/projects/gcp-learning-283803/global/networks/dev-vpc",
                "network_ip": "192.168.1.3",
                "subnetwork": "https://www.googleapis.com/compute/v1/projects/gcp-learning-283803/regions/us-central1/subnetworks/private-subnet-uscentral1",
                "subnetwork_project": "gcp-learning-283803"
              }
            ],
            "project": "gcp-learning-283803",
            "resource_policies": null,
            "scheduling": [
              {
                "automatic_restart": true,
                "node_affinities": [],
                "on_host_maintenance": "MIGRATE",
                "preemptible": false
              }
            ],
            "scratch_disk": [],
            "self_link": "https://www.googleapis.com/compute/v1/projects/gcp-learning-283803/zones/us-central1-b/instances/backend-app-02",
            "service_account": [],
            "shielded_instance_config": [],
            "tags": [
              "app-02"
            ],
            "tags_fingerprint": "q3ujgHxEfiI=",
            "timeouts": null,
            "zone": "us-central1-b"
          },
          "private": "eyJlMmJmYjczMC1lY2FhLTExZTYtOGY4OC0zNDM2M2JjN2M0YzAiOnsiY3JlYXRlIjoxMjAwMDAwMDAwMDAwLCJkZWxldGUiOjEyMDAwMDAwMDAwMDAsInVwZGF0ZSI6MTIwMDAwMDAwMDAwMH0sInNjaGVtYV92ZXJzaW9uIjoiNiJ9"
        },
        {
          "index_key": "app-03",
          "schema_version": 6,
          "attributes": {
            "allow_stopping_for_update": null,
            "attached_disk": [],
            "boot_disk": [
              {
                "auto_delete": true,
                "device_name": "persistent-disk-0",
                "disk_encryption_key_raw": "",
                "disk_encryption_key_sha256": "",
                "initialize_params": [
                  {
                    "image": "https://www.googleapis.com/compute/v1/projects/debian-cloud/global/images/debian-9-stretch-v20200805",
                    "labels": {},
                    "size": 10,
                    "type": "pd-standard"
                  }
                ],
                "kms_key_self_link": "",
                "mode": "READ_WRITE",
                "source": "https://www.googleapis.com/compute/v1/projects/gcp-learning-283803/zones/us-central1-c/disks/backend-app-03"
              }
            ],
            "can_ip_forward": false,
            "cpu_platform": "Intel Haswell",
            "current_status": "RUNNING",
            "deletion_protection": false,
            "description": "",
            "desired_status": null,
            "enable_display": false,
            "guest_accelerator": [],
            "hostname": "",
            "id": "projects/gcp-learning-283803/zones/us-central1-c/instances/backend-app-03",
            "instance_id": "5984659719352196707",
            "label_fingerprint": "42WmSpB8rSM=",
            "labels": null,
            "machine_type": "f1-micro",
            "metadata": {
              "ssh-keys": "saimon:for server 3\nssh-rsa AAAAB3NzaC1yc2EAAAADAQABAAABAQC5ld4sT7Y+1EPgCojO70sxUO5pw55Nw+a7glMfw+YX5ChsJCvcN2/l+F5brip811WIMMzGl7xCKIlZWsQ38wAz/ZLA04uNz7oT9V8S39ClIrO/UueSXOgrLzj4IJmysaOX8qSIZ5yX92aQl/vbFa91NuBWaWm8YDweh2Tc+bRtxrRrxFNYwYhoaN2qjjxcL6jEPm2Dmtcqgxb2vv0WuwkOc/IkQQNoJ4wXZQvtrmN+kMj3pwmXi9vP6aGjDj22bdGEi6gEApPr2Yxyzlu74Qy1nAQtaMLTRaYSTBt/ZzfNrh/t/0w4YqszHV0HGb4xOLXLT+OwYOQnn2D1XXrH4QOl saimon@sMacBook.local\n"
            },
            "metadata_fingerprint": "tmvPmRIb2ec=",
            "metadata_startup_script": "#!/bin/bash\napt-get update -y\napt-get install apache2 -y\napt-get install mysql-server -y\n#apt install php libapache2-mod-php -y\necho \"I am from $(hostname)\" \u003e /var/www/html/index.html\nmysql -u root -h 10.33.0.3 -p\"Sa961419!\" -e 'show processlist' \u003e\u003e /var/www/html/index.html\nsystemctl restart apache2\n",
            "min_cpu_platform": "",
            "name": "backend-app-03",
            "network_interface": [
              {
                "access_config": [],
                "alias_ip_range": [],
                "name": "nic0",
                "network": "https://www.googleapis.com/compute/v1/projects/gcp-learning-283803/global/networks/dev-vpc",
                "network_ip": "192.168.1.4",
                "subnetwork": "https://www.googleapis.com/compute/v1/projects/gcp-learning-283803/regions/us-central1/subnetworks/private-subnet-uscentral1",
                "subnetwork_project": "gcp-learning-283803"
              }
            ],
            "project": "gcp-learning-283803",
            "resource_policies": null,
            "scheduling": [
              {
                "automatic_restart": true,
                "node_affinities": [],
                "on_host_maintenance": "MIGRATE",
                "preemptible": false
              }
            ],
            "scratch_disk": [],
            "self_link": "https://www.googleapis.com/compute/v1/projects/gcp-learning-283803/zones/us-central1-c/instances/backend-app-03",
            "service_account": [],
            "shielded_instance_config": [],
            "tags": [
              "app-03"
            ],
            "tags_fingerprint": "vOkMbIW9uEs=",
            "timeouts": null,
            "zone": "us-central1-c"
          },
          "private": "eyJlMmJmYjczMC1lY2FhLTExZTYtOGY4OC0zNDM2M2JjN2M0YzAiOnsiY3JlYXRlIjoxMjAwMDAwMDAwMDAwLCJkZWxldGUiOjEyMDAwMDAwMDAwMDAsInVwZGF0ZSI6MTIwMDAwMDAwMDAwMH0sInNjaGVtYV92ZXJzaW9uIjoiNiJ9"
        }
      ]
    }
  ]
}
