terraform apply

An execution plan has been generated and is shown below.
Resource actions are indicated with the following symbols:
  + create

Terraform will perform the following actions:

  # google_compute_firewall.default will be created
  + resource "google_compute_firewall" "default" {
      + creation_timestamp = (known after apply)
      + destination_ranges = (known after apply)
      + direction          = (known after apply)
      + enable_logging     = (known after apply)
      + id                 = (known after apply)
      + name               = "allow-http-port"
      + network            = "dev-vpc"
      + priority           = 1000
      + project            = "gcp-learning-283803"
      + self_link          = (known after apply)
      + source_ranges      = [
          + "0.0.0.0/0",
        ]
      + target_tags        = [
          + "app-01",
          + "app-02",
          + "app-03",
        ]

      + allow {
          + ports    = [
              + "80",
            ]
          + protocol = "tcp"
        }
    }

Plan: 1 to add, 0 to change, 0 to destroy.

Do you want to perform these actions?
  Terraform will perform the actions described above.
  Only 'yes' will be accepted to approve.

  Enter a value: yes

google_compute_firewall.default: Creating...
google_compute_firewall.default: Still creating... [10s elapsed]
google_compute_firewall.default: Creation complete after 13s [id=projects/gcp-learning-283803/global/firewalls/allow-http-port]

Apply complete! Resources: 1 added, 0 changed, 0 destroyed.