{
  "version": 4,
  "terraform_version": "0.12.10",
  "serial": 7,
  "lineage": "7cae15e0-d992-f61c-9de1-872484fc661d",
  "outputs": {},
  "resources": [
    {
      "mode": "managed",
      "type": "google_compute_firewall",
      "name": "default",
      "provider": "provider.google",
      "instances": [
        {
          "schema_version": 1,
          "attributes": {
            "allow": [
              {
                "ports": [
                  "80"
                ],
                "protocol": "tcp"
              }
            ],
            "creation_timestamp": "2020-08-20T00:13:35.775-07:00",
            "deny": [],
            "description": "",
            "destination_ranges": [],
            "direction": "INGRESS",
            "disabled": false,
            "enable_logging": null,
            "id": "projects/gcp-learning-283803/global/firewalls/allow-http-port",
            "log_config": [],
            "name": "allow-http-port",
            "network": "https://www.googleapis.com/compute/v1/projects/gcp-learning-283803/global/networks/dev-vpc",
            "priority": 1000,
            "project": "gcp-learning-283803",
            "self_link": "https://www.googleapis.com/compute/v1/projects/gcp-learning-283803/global/firewalls/allow-http-port",
            "source_ranges": [
              "0.0.0.0/0"
            ],
            "source_service_accounts": null,
            "source_tags": null,
            "target_service_accounts": null,
            "target_tags": [
              "app-01",
              "app-02",
              "app-03"
            ],
            "timeouts": null
          },
          "private": "eyJlMmJmYjczMC1lY2FhLTExZTYtOGY4OC0zNDM2M2JjN2M0YzAiOnsiY3JlYXRlIjoyNDAwMDAwMDAwMDAsImRlbGV0ZSI6MjQwMDAwMDAwMDAwLCJ1cGRhdGUiOjI0MDAwMDAwMDAwMH0sInNjaGVtYV92ZXJzaW9uIjoiMSJ9"
        }
      ]
    }
  ]
}
