{
  "version": 4,
  "terraform_version": "0.12.10",
  "serial": 14,
  "lineage": "a89d0772-d95b-db54-cbc6-5b4f53e9b04d",
  "outputs": {},
  "resources": [
    {
      "module": "module.vpc",
      "mode": "managed",
      "type": "google_compute_network",
      "name": "create_vpc",
      "provider": "provider.google",
      "instances": [
        {
          "schema_version": 0,
          "attributes": {
            "auto_create_subnetworks": false,
            "delete_default_routes_on_create": false,
            "description": "",
            "gateway_ipv4": "",
            "id": "projects/gcp-learning-283803/global/networks/dev-vpc",
            "ipv4_range": null,
            "name": "dev-vpc",
            "project": "gcp-learning-283803",
            "routing_mode": "GLOBAL",
            "self_link": "https://www.googleapis.com/compute/v1/projects/gcp-learning-283803/global/networks/dev-vpc",
            "timeouts": null
          },
          "private": "eyJlMmJmYjczMC1lY2FhLTExZTYtOGY4OC0zNDM2M2JjN2M0YzAiOnsiY3JlYXRlIjoyNDAwMDAwMDAwMDAsImRlbGV0ZSI6MjQwMDAwMDAwMDAwLCJ1cGRhdGUiOjI0MDAwMDAwMDAwMH19"
        }
      ]
    },
    {
      "module": "module.cloud_nat",
      "mode": "managed",
      "type": "google_compute_router",
      "name": "cloud_router",
      "provider": "provider.google",
      "instances": [
        {
          "schema_version": 0,
          "attributes": {
            "bgp": [
              {
                "advertise_mode": "DEFAULT",
                "advertised_groups": null,
                "advertised_ip_ranges": [],
                "asn": 64514
              }
            ],
            "creation_timestamp": "2020-08-19T23:15:42.572-07:00",
            "description": "",
            "id": "projects/gcp-learning-283803/regions/us-central1/routers/my-test-router",
            "name": "my-test-router",
            "network": "https://www.googleapis.com/compute/v1/projects/gcp-learning-283803/global/networks/dev-vpc",
            "project": "gcp-learning-283803",
            "region": "us-central1",
            "self_link": "https://www.googleapis.com/compute/v1/projects/gcp-learning-283803/regions/us-central1/routers/my-test-router",
            "timeouts": null
          },
          "private": "eyJlMmJmYjczMC1lY2FhLTExZTYtOGY4OC0zNDM2M2JjN2M0YzAiOnsiY3JlYXRlIjoyNDAwMDAwMDAwMDAsImRlbGV0ZSI6MjQwMDAwMDAwMDAwLCJ1cGRhdGUiOjI0MDAwMDAwMDAwMH19"
        }
      ]
    },
    {
      "module": "module.cloud_nat",
      "mode": "managed",
      "type": "google_compute_router_nat",
      "name": "nat",
      "provider": "provider.google",
      "instances": [
        {
          "schema_version": 0,
          "attributes": {
            "drain_nat_ips": null,
            "icmp_idle_timeout_sec": 30,
            "id": "gcp-learning-283803/us-central1/my-test-router/dev-nat-for-private-subnet",
            "log_config": [],
            "min_ports_per_vm": 0,
            "name": "dev-nat-for-private-subnet",
            "nat_ip_allocate_option": "AUTO_ONLY",
            "nat_ips": null,
            "project": "gcp-learning-283803",
            "region": "us-central1",
            "router": "my-test-router",
            "source_subnetwork_ip_ranges_to_nat": "ALL_SUBNETWORKS_ALL_IP_RANGES",
            "subnetwork": [],
            "tcp_established_idle_timeout_sec": 1200,
            "tcp_transitory_idle_timeout_sec": 30,
            "timeouts": null,
            "udp_idle_timeout_sec": 30
          },
          "private": "eyJlMmJmYjczMC1lY2FhLTExZTYtOGY4OC0zNDM2M2JjN2M0YzAiOnsiY3JlYXRlIjo2MDAwMDAwMDAwMDAsImRlbGV0ZSI6NjAwMDAwMDAwMDAwLCJ1cGRhdGUiOjYwMDAwMDAwMDAwMH19",
          "depends_on": [
            "google_compute_router.cloud_router"
          ]
        }
      ]
    },
    {
      "module": "module.subnet",
      "mode": "managed",
      "type": "google_compute_subnetwork",
      "name": "create_subnet",
      "each": "map",
      "provider": "provider.google",
      "instances": [
        {
          "index_key": "private-subnet-uscentral1",
          "schema_version": 0,
          "attributes": {
            "creation_timestamp": "2020-08-19T23:15:42.670-07:00",
            "description": "",
            "enable_flow_logs": null,
            "fingerprint": null,
            "gateway_address": "192.168.1.1",
            "id": "projects/gcp-learning-283803/regions/us-central1/subnetworks/private-subnet-uscentral1",
            "ip_cidr_range": "192.168.1.0/28",
            "log_config": [],
            "name": "private-subnet-uscentral1",
            "network": "https://www.googleapis.com/compute/v1/projects/gcp-learning-283803/global/networks/dev-vpc",
            "private_ip_google_access": false,
            "project": "gcp-learning-283803",
            "region": "us-central1",
            "secondary_ip_range": [],
            "self_link": "https://www.googleapis.com/compute/v1/projects/gcp-learning-283803/regions/us-central1/subnetworks/private-subnet-uscentral1",
            "timeouts": null
          },
          "private": "eyJlMmJmYjczMC1lY2FhLTExZTYtOGY4OC0zNDM2M2JjN2M0YzAiOnsiY3JlYXRlIjozNjAwMDAwMDAwMDAsImRlbGV0ZSI6MzYwMDAwMDAwMDAwLCJ1cGRhdGUiOjM2MDAwMDAwMDAwMH19"
        },
        {
          "index_key": "public-subnet-usewest1",
          "schema_version": 0,
          "attributes": {
            "creation_timestamp": "2020-08-19T23:15:42.660-07:00",
            "description": "",
            "enable_flow_logs": null,
            "fingerprint": null,
            "gateway_address": "192.168.2.1",
            "id": "projects/gcp-learning-283803/regions/us-west1/subnetworks/public-subnet-usewest1",
            "ip_cidr_range": "192.168.2.0/28",
            "log_config": [],
            "name": "public-subnet-usewest1",
            "network": "https://www.googleapis.com/compute/v1/projects/gcp-learning-283803/global/networks/dev-vpc",
            "private_ip_google_access": false,
            "project": "gcp-learning-283803",
            "region": "us-west1",
            "secondary_ip_range": [],
            "self_link": "https://www.googleapis.com/compute/v1/projects/gcp-learning-283803/regions/us-west1/subnetworks/public-subnet-usewest1",
            "timeouts": null
          },
          "private": "eyJlMmJmYjczMC1lY2FhLTExZTYtOGY4OC0zNDM2M2JjN2M0YzAiOnsiY3JlYXRlIjozNjAwMDAwMDAwMDAsImRlbGV0ZSI6MzYwMDAwMDAwMDAwLCJ1cGRhdGUiOjM2MDAwMDAwMDAwMH19"
        }
      ]
    }
  ]
}
