terraform apply

An execution plan has been generated and is shown below.
Resource actions are indicated with the following symbols:
  + create

Terraform will perform the following actions:

  # google_compute_forwarding_rule.default will be created
  + resource "google_compute_forwarding_rule" "default" {
      + creation_timestamp    = (known after apply)
      + id                    = (known after apply)
      + ip_address            = (known after apply)
      + ip_protocol           = "TCP"
      + ip_version            = (known after apply)
      + load_balancing_scheme = "EXTERNAL"
      + name                  = "website-forwarding-rule"
      + network               = (known after apply)
      + network_tier          = (known after apply)
      + port_range            = "80"
      + project               = "gcp-learning-283803"
      + region                = "us-central1"
      + self_link             = (known after apply)
      + service_name          = (known after apply)
      + subnetwork            = (known after apply)
      + target                = (known after apply)
    }

  # google_compute_http_health_check.default will be created
  + resource "google_compute_http_health_check" "default" {
      + check_interval_sec  = 1
      + creation_timestamp  = (known after apply)
      + healthy_threshold   = 2
      + id                  = (known after apply)
      + name                = "default"
      + port                = 80
      + project             = "gcp-learning-283803"
      + request_path        = "/"
      + self_link           = (known after apply)
      + timeout_sec         = 1
      + unhealthy_threshold = 2
    }

  # google_compute_target_pool.default will be created
  + resource "google_compute_target_pool" "default" {
      + health_checks    = [
          + "default",
        ]
      + id               = (known after apply)
      + instances        = [
          + "us-central1-a/backend-app-01\t",
          + "us-central1-b/backend-app-02",
          + "us-central1-c/backend-app-03",
        ]
      + name             = "instance-pool"
      + project          = "gcp-learning-283803"
      + region           = "us-central1"
      + self_link        = (known after apply)
      + session_affinity = "NONE"
    }

Plan: 3 to add, 0 to change, 0 to destroy.

Do you want to perform these actions?
  Terraform will perform the actions described above.
  Only 'yes' will be accepted to approve.

  Enter a value: yes

google_compute_http_health_check.default: Creating...
google_compute_http_health_check.default: Still creating... [10s elapsed]
google_compute_http_health_check.default: Creation complete after 13s [id=projects/gcp-learning-283803/global/httpHealthChecks/default]
google_compute_target_pool.default: Creating...
google_compute_target_pool.default: Still creating... [10s elapsed]
google_compute_target_pool.default: Creation complete after 11s [id=projects/gcp-learning-283803/regions/us-central1/targetPools/instance-pool]
google_compute_forwarding_rule.default: Creating...
google_compute_forwarding_rule.default: Still creating... [10s elapsed]
google_compute_forwarding_rule.default: Still creating... [20s elapsed]
google_compute_forwarding_rule.default: Creation complete after 23s [id=projects/gcp-learning-283803/regions/us-central1/forwardingRules/website-forwarding-rule]

Apply complete! Resources: 3 added, 0 changed, 0 destroyed.

Outputs:

lb_ip = 34.121.213.68
