{
  "version": 4,
  "terraform_version": "0.12.10",
  "serial": 38,
  "lineage": "2a191c6d-7189-270c-2a1c-98ffbde78419",
  "outputs": {
    "lb_ip": {
      "value": "104.154.245.83",
      "type": "string"
    }
  },
  "resources": [
    {
      "mode": "managed",
      "type": "google_compute_forwarding_rule",
      "name": "default",
      "provider": "provider.google",
      "instances": [
        {
          "schema_version": 0,
          "attributes": {
            "all_ports": false,
            "allow_global_access": false,
            "backend_service": "",
            "creation_timestamp": "2020-08-20T00:17:10.783-07:00",
            "description": "",
            "id": "projects/gcp-learning-283803/regions/us-central1/forwardingRules/website-forwarding-rule",
            "ip_address": "104.154.245.83",
            "ip_protocol": "TCP",
            "ip_version": null,
            "load_balancing_scheme": "EXTERNAL",
            "name": "website-forwarding-rule",
            "network": "",
            "network_tier": "PREMIUM",
            "port_range": "80-80",
            "ports": null,
            "project": "gcp-learning-283803",
            "region": "us-central1",
            "self_link": "https://www.googleapis.com/compute/v1/projects/gcp-learning-283803/regions/us-central1/forwardingRules/website-forwarding-rule",
            "service_label": "",
            "service_name": "",
            "subnetwork": "",
            "target": "https://www.googleapis.com/compute/v1/projects/gcp-learning-283803/regions/us-central1/targetPools/instance-pool",
            "timeouts": null
          },
          "private": "eyJlMmJmYjczMC1lY2FhLTExZTYtOGY4OC0zNDM2M2JjN2M0YzAiOnsiY3JlYXRlIjoyNDAwMDAwMDAwMDAsImRlbGV0ZSI6MjQwMDAwMDAwMDAwLCJ1cGRhdGUiOjI0MDAwMDAwMDAwMH19",
          "depends_on": [
            "google_compute_target_pool.default"
          ]
        }
      ]
    },
    {
      "mode": "managed",
      "type": "google_compute_http_health_check",
      "name": "default",
      "provider": "provider.google",
      "instances": [
        {
          "schema_version": 0,
          "attributes": {
            "check_interval_sec": 1,
            "creation_timestamp": "2020-08-20T00:16:46.353-07:00",
            "description": "",
            "healthy_threshold": 2,
            "host": "",
            "id": "projects/gcp-learning-283803/global/httpHealthChecks/default",
            "name": "default",
            "port": 80,
            "project": "gcp-learning-283803",
            "request_path": "/",
            "self_link": "https://www.googleapis.com/compute/v1/projects/gcp-learning-283803/global/httpHealthChecks/default",
            "timeout_sec": 1,
            "timeouts": null,
            "unhealthy_threshold": 2
          },
          "private": "eyJlMmJmYjczMC1lY2FhLTExZTYtOGY4OC0zNDM2M2JjN2M0YzAiOnsiY3JlYXRlIjoyNDAwMDAwMDAwMDAsImRlbGV0ZSI6MjQwMDAwMDAwMDAwLCJ1cGRhdGUiOjI0MDAwMDAwMDAwMH19"
        }
      ]
    },
    {
      "mode": "managed",
      "type": "google_compute_target_pool",
      "name": "default",
      "provider": "provider.google",
      "instances": [
        {
          "schema_version": 0,
          "attributes": {
            "backup_pool": "",
            "description": "",
            "failover_ratio": 0,
            "health_checks": [
              "https://www.googleapis.com/compute/v1/projects/gcp-learning-283803/global/httpHealthChecks/default"
            ],
            "id": "projects/gcp-learning-283803/regions/us-central1/targetPools/instance-pool",
            "instances": [
              "us-central1-a/backend-app-01\t",
              "us-central1-b/backend-app-02",
              "us-central1-c/backend-app-03"
            ],
            "name": "instance-pool",
            "project": "gcp-learning-283803",
            "region": "us-central1",
            "self_link": "https://www.googleapis.com/compute/v1/projects/gcp-learning-283803/regions/us-central1/targetPools/instance-pool",
            "session_affinity": "NONE",
            "timeouts": null
          },
          "private": "eyJlMmJmYjczMC1lY2FhLTExZTYtOGY4OC0zNDM2M2JjN2M0YzAiOnsiY3JlYXRlIjoyNDAwMDAwMDAwMDAsImRlbGV0ZSI6MjQwMDAwMDAwMDAwLCJ1cGRhdGUiOjI0MDAwMDAwMDAwMH19",
          "depends_on": [
            "google_compute_http_health_check.default"
          ]
        }
      ]
    }
  ]
}
