terraform apply
var.db-password
  Enter a value: 


An execution plan has been generated and is shown below.
Resource actions are indicated with the following symbols:
  + create

Terraform will perform the following actions:

  # google_compute_global_address.private_ip_address will be created
  + resource "google_compute_global_address" "private_ip_address" {
      + address            = (known after apply)
      + address_type       = "INTERNAL"
      + creation_timestamp = (known after apply)
      + id                 = (known after apply)
      + label_fingerprint  = (known after apply)
      + name               = "private-ip-address"
      + network            = "projects/gcp-learning-283803/global/networks/dev-vpc"
      + prefix_length      = 16
      + project            = "gcp-learning-283803"
      + purpose            = "VPC_PEERING"
      + self_link          = (known after apply)
    }

  # google_service_networking_connection.private_vpc_connection will be created
  + resource "google_service_networking_connection" "private_vpc_connection" {
      + id                      = (known after apply)
      + network                 = "projects/gcp-learning-283803/global/networks/dev-vpc"
      + peering                 = (known after apply)
      + reserved_peering_ranges = [
          + "private-ip-address",
        ]
      + service                 = "servicenetworking.googleapis.com"
    }

  # google_sql_database_instance.instance will be created
  + resource "google_sql_database_instance" "instance" {
      + connection_name               = (known after apply)
      + database_version              = "MYSQL_5_6"
      + encryption_key_name           = (known after apply)
      + first_ip_address              = (known after apply)
      + id                            = (known after apply)
      + ip_address                    = (known after apply)
      + master_instance_name          = (known after apply)
      + name                          = (known after apply)
      + private_ip_address            = (known after apply)
      + project                       = "gcp-learning-283803"
      + public_ip_address             = (known after apply)
      + region                        = "us-central1"
      + self_link                     = (known after apply)
      + server_ca_cert                = (known after apply)
      + service_account_email_address = (known after apply)

      + replica_configuration {
          + ca_certificate            = (known after apply)
          + client_certificate        = (known after apply)
          + client_key                = (known after apply)
          + connect_retry_interval    = (known after apply)
          + dump_file_path            = (known after apply)
          + failover_target           = (known after apply)
          + master_heartbeat_period   = (known after apply)
          + password                  = (sensitive value)
          + ssl_cipher                = (known after apply)
          + username                  = (known after apply)
          + verify_server_certificate = (known after apply)
        }

      + settings {
          + activation_policy      = (known after apply)
          + availability_type      = (known after apply)
          + crash_safe_replication = (known after apply)
          + disk_autoresize        = true
          + disk_size              = (known after apply)
          + disk_type              = (known after apply)
          + pricing_plan           = "PER_USE"
          + replication_type       = "SYNCHRONOUS"
          + tier                   = "db-f1-micro"
          + version                = (known after apply)

          + backup_configuration {
              + binary_log_enabled             = (known after apply)
              + enabled                        = (known after apply)
              + location                       = (known after apply)
              + point_in_time_recovery_enabled = (known after apply)
              + start_time                     = (known after apply)
            }

          + ip_configuration {
              + ipv4_enabled    = false
              + private_network = "projects/gcp-learning-283803/global/networks/dev-vpc"
            }

          + location_preference {
              + follow_gae_application = (known after apply)
              + zone                   = (known after apply)
            }
        }
    }

  # google_sql_user.default will be created
  + resource "google_sql_user" "default" {
      + host     = "%"
      + id       = (known after apply)
      + instance = (known after apply)
      + name     = "root"
      + password = (sensitive value)
      + project  = "gcp-learning-283803"
    }

  # random_id.db_name_suffix will be created
  + resource "random_id" "db_name_suffix" {
      + b64         = (known after apply)
      + b64_std     = (known after apply)
      + b64_url     = (known after apply)
      + byte_length = 4
      + dec         = (known after apply)
      + hex         = (known after apply)
      + id          = (known after apply)
    }

Plan: 5 to add, 0 to change, 0 to destroy.

Do you want to perform these actions?
  Terraform will perform the actions described above.
  Only 'yes' will be accepted to approve.

  Enter a value: yes

random_id.db_name_suffix: Creating...
random_id.db_name_suffix: Creation complete after 0s [id=RiroOQ]
google_compute_global_address.private_ip_address: Creating...
google_compute_global_address.private_ip_address: Still creating... [10s elapsed]
google_compute_global_address.private_ip_address: Creation complete after 12s [id=projects/gcp-learning-283803/global/addresses/private-ip-address]
google_service_networking_connection.private_vpc_connection: Creating...
google_service_networking_connection.private_vpc_connection: Still creating... [10s elapsed]
google_service_networking_connection.private_vpc_connection: Still creating... [20s elapsed]
google_service_networking_connection.private_vpc_connection: Still creating... [30s elapsed]
google_service_networking_connection.private_vpc_connection: Still creating... [40s elapsed]
google_service_networking_connection.private_vpc_connection: Still creating... [50s elapsed]
google_service_networking_connection.private_vpc_connection: Creation complete after 56s [id=projects%2Fgcp-learning-283803%2Fglobal%2Fnetworks%2Fdev-vpc:servicenetworking.googleapis.com]
google_sql_database_instance.instance: Creating...
google_sql_database_instance.instance: Still creating... [10s elapsed]
google_sql_database_instance.instance: Still creating... [20s elapsed]
google_sql_database_instance.instance: Still creating... [30s elapsed]
google_sql_database_instance.instance: Still creating... [40s elapsed]
google_sql_database_instance.instance: Still creating... [50s elapsed]
google_sql_database_instance.instance: Still creating... [1m0s elapsed]
google_sql_database_instance.instance: Still creating... [1m10s elapsed]
google_sql_database_instance.instance: Still creating... [1m20s elapsed]
google_sql_database_instance.instance: Still creating... [1m30s elapsed]
google_sql_database_instance.instance: Still creating... [1m40s elapsed]
google_sql_database_instance.instance: Still creating... [1m50s elapsed]
google_sql_database_instance.instance: Still creating... [2m0s elapsed]
google_sql_database_instance.instance: Still creating... [2m10s elapsed]
google_sql_database_instance.instance: Still creating... [2m20s elapsed]
google_sql_database_instance.instance: Still creating... [2m30s elapsed]
google_sql_database_instance.instance: Still creating... [2m40s elapsed]
google_sql_database_instance.instance: Still creating... [2m50s elapsed]
google_sql_database_instance.instance: Still creating... [3m0s elapsed]
google_sql_database_instance.instance: Still creating... [3m10s elapsed]
google_sql_database_instance.instance: Still creating... [3m20s elapsed]
google_sql_database_instance.instance: Still creating... [3m30s elapsed]
google_sql_database_instance.instance: Still creating... [3m40s elapsed]
google_sql_database_instance.instance: Still creating... [3m50s elapsed]
google_sql_database_instance.instance: Still creating... [4m0s elapsed]
google_sql_database_instance.instance: Still creating... [4m10s elapsed]
google_sql_database_instance.instance: Still creating... [4m20s elapsed]
google_sql_database_instance.instance: Still creating... [4m30s elapsed]
google_sql_database_instance.instance: Still creating... [4m40s elapsed]
google_sql_database_instance.instance: Still creating... [4m50s elapsed]
google_sql_database_instance.instance: Still creating... [5m0s elapsed]
google_sql_database_instance.instance: Still creating... [5m10s elapsed]
google_sql_database_instance.instance: Still creating... [5m20s elapsed]
google_sql_database_instance.instance: Still creating... [5m30s elapsed]
google_sql_database_instance.instance: Still creating... [5m40s elapsed]
google_sql_database_instance.instance: Still creating... [5m50s elapsed]
google_sql_database_instance.instance: Still creating... [6m0s elapsed]
google_sql_database_instance.instance: Still creating... [6m10s elapsed]
google_sql_database_instance.instance: Still creating... [6m20s elapsed]
google_sql_database_instance.instance: Still creating... [6m30s elapsed]
google_sql_database_instance.instance: Still creating... [6m40s elapsed]
google_sql_database_instance.instance: Still creating... [6m50s elapsed]
google_sql_database_instance.instance: Still creating... [7m0s elapsed]
google_sql_database_instance.instance: Still creating... [7m10s elapsed]
google_sql_database_instance.instance: Still creating... [7m20s elapsed]
google_sql_database_instance.instance: Still creating... [7m30s elapsed]
google_sql_database_instance.instance: Still creating... [7m40s elapsed]
google_sql_database_instance.instance: Still creating... [7m50s elapsed]
google_sql_database_instance.instance: Still creating... [8m0s elapsed]
google_sql_database_instance.instance: Still creating... [8m10s elapsed]
google_sql_database_instance.instance: Still creating... [8m20s elapsed]
google_sql_database_instance.instance: Still creating... [8m30s elapsed]
google_sql_database_instance.instance: Still creating... [8m40s elapsed]
google_sql_database_instance.instance: Still creating... [8m50s elapsed]
google_sql_database_instance.instance: Still creating... [9m0s elapsed]
google_sql_database_instance.instance: Creation complete after 9m5s [id=private-instance-462ae839]
google_sql_user.default: Creating...
google_sql_user.default: Creation complete after 5s [id=root/%/private-instance-462ae839]

Apply complete! Resources: 5 added, 0 changed, 0 destroyed.

Outputs:

sql_instance_ip = 10.249.0.3
