{
  "version": 4,
  "terraform_version": "0.12.10",
  "serial": 55,
  "lineage": "4089df02-2db2-d335-c426-d5cb32f97aae",
  "outputs": {
    "sql_instance_ip": {
      "value": "10.33.0.3",
      "type": "string"
    }
  },
  "resources": [
    {
      "mode": "managed",
      "type": "google_compute_global_address",
      "name": "private_ip_address",
      "provider": "provider.google-beta",
      "instances": [
        {
          "schema_version": 0,
          "attributes": {
            "address": "10.33.0.0",
            "address_type": "INTERNAL",
            "creation_timestamp": "2020-08-19T23:29:15.565-07:00",
            "description": "",
            "id": "projects/gcp-learning-283803/global/addresses/private-ip-address",
            "ip_version": "",
            "label_fingerprint": "42WmSpB8rSM=",
            "labels": {},
            "name": "private-ip-address",
            "network": "https://www.googleapis.com/compute/v1/projects/gcp-learning-283803/global/networks/dev-vpc",
            "prefix_length": 16,
            "project": "gcp-learning-283803",
            "purpose": "VPC_PEERING",
            "self_link": "https://www.googleapis.com/compute/v1/projects/gcp-learning-283803/global/addresses/private-ip-address",
            "timeouts": null
          },
          "private": "eyJlMmJmYjczMC1lY2FhLTExZTYtOGY4OC0zNDM2M2JjN2M0YzAiOnsiY3JlYXRlIjoyNDAwMDAwMDAwMDAsImRlbGV0ZSI6MjQwMDAwMDAwMDAwLCJ1cGRhdGUiOjI0MDAwMDAwMDAwMH19"
        }
      ]
    },
    {
      "mode": "managed",
      "type": "google_service_networking_connection",
      "name": "private_vpc_connection",
      "provider": "provider.google-beta",
      "instances": [
        {
          "schema_version": 0,
          "attributes": {
            "id": "projects%2Fgcp-learning-283803%2Fglobal%2Fnetworks%2Fdev-vpc:servicenetworking.googleapis.com",
            "network": "projects/gcp-learning-283803/global/networks/dev-vpc",
            "peering": "servicenetworking-googleapis-com",
            "reserved_peering_ranges": [
              "private-ip-address"
            ],
            "service": "servicenetworking.googleapis.com",
            "timeouts": null
          },
          "private": "eyJlMmJmYjczMC1lY2FhLTExZTYtOGY4OC0zNDM2M2JjN2M0YzAiOnsiY3JlYXRlIjo2MDAwMDAwMDAwMDAsImRlbGV0ZSI6NjAwMDAwMDAwMDAwLCJ1cGRhdGUiOjYwMDAwMDAwMDAwMH19",
          "depends_on": [
            "google_compute_global_address.private_ip_address"
          ]
        }
      ]
    },
    {
      "mode": "managed",
      "type": "google_sql_database_instance",
      "name": "instance",
      "provider": "provider.google-beta",
      "instances": [
        {
          "schema_version": 0,
          "attributes": {
            "connection_name": "gcp-learning-283803:us-central1:private-instance-e8c491c8",
            "database_version": "MYSQL_5_6",
            "encryption_key_name": null,
            "first_ip_address": "10.33.0.3",
            "id": "private-instance-e8c491c8",
            "ip_address": [
              {
                "ip_address": "10.33.0.3",
                "time_to_retire": "",
                "type": "PRIVATE"
              }
            ],
            "master_instance_name": "",
            "name": "private-instance-e8c491c8",
            "private_ip_address": "10.33.0.3",
            "project": "gcp-learning-283803",
            "public_ip_address": "",
            "region": "us-central1",
            "replica_configuration": [],
            "root_password": null,
            "self_link": "https://sqladmin.googleapis.com/sql/v1beta4/projects/gcp-learning-283803/instances/private-instance-e8c491c8",
            "server_ca_cert": [
              {
                "cert": "-----BEGIN CERTIFICATE-----\nMIIDfzCCAmegAwIBAgIBADANBgkqhkiG9w0BAQsFADB3MS0wKwYDVQQuEyQ5NWJm\nNmQ4YS03YzgwLTQ1ZDgtOTRhMS03NmNiMWIwNmJiZjcxIzAhBgNVBAMTGkdvb2ds\nZSBDbG91ZCBTUUwgU2VydmVyIENBMRQwEgYDVQQKEwtHb29nbGUsIEluYzELMAkG\nA1UEBhMCVVMwHhcNMjAwODIwMDYzMjI3WhcNMzAwODE4MDYzMzI3WjB3MS0wKwYD\nVQQuEyQ5NWJmNmQ4YS03YzgwLTQ1ZDgtOTRhMS03NmNiMWIwNmJiZjcxIzAhBgNV\nBAMTGkdvb2dsZSBDbG91ZCBTUUwgU2VydmVyIENBMRQwEgYDVQQKEwtHb29nbGUs\nIEluYzELMAkGA1UEBhMCVVMwggEiMA0GCSqGSIb3DQEBAQUAA4IBDwAwggEKAoIB\nAQCca8uEFOlyUR1F4AaH4Z9j7y/YtUfFD4kCsAUH5nbpOLryJsctHKXFTeuurG/E\nPO+tX0bUSLhtMAcNT2z6JNJVZIMg3qgPm9SwIsgViLmL8mCaIrG+ognZBFqpjhAj\nqwuqOIQlzyIn7HID/tc9oXkn9jpKkcbQvgIfqIPwbs1RDRYkghJTuMxs1Oahn2m2\n68xgR0DVcgreIUhK0mlwDCOxIvbv+Yuk5oG3EPcphl9haK7IXHOYX2CKffyWl/s4\nmNe63+vRhXZzTtv4N++kNYxh5V/gSVf6AhKJiaYG9BCV9+8pZ99UL/F/Zx6Tk7oX\nHFPDkSi1/3D135KjNQQkMTrPAgMBAAGjFjAUMBIGA1UdEwEB/wQIMAYBAf8CAQAw\nDQYJKoZIhvcNAQELBQADggEBAE+apolh6mppUdQlXzvA14CR8tdrAaknXnMBI4A+\n29tryYLzRXSKJ6BmuXd6+NNdjiwUme9SrMPU+q+UXvlGer77UbTolNX+QNSHI+v+\nU012c23jkVJJl/igaV9OR+NM6AfD0lIC8+5uP2b7A9Fo4hkbaw8P3w2ZX6s3aRjJ\noEvB1GoUK72Hnlv8kdylLIgj6gI0iPRB7XfaivIWjUqDTijvqJgxdGgxaKxik2/R\na/oALMwVNz2ZwqIIeHi58SMV6gfEqBVNLM4H/3LNqPUcPZW6BDOxXXhfg+kaxJ5I\nQokA+oggFrCzvb3JwssB/B1mvI785u9wkehilFgh9zGcAv0=\n-----END CERTIFICATE-----",
                "common_name": "C=US,O=Google\\, Inc,CN=Google Cloud SQL Server CA,dnQualifier=95bf6d8a-7c80-45d8-94a1-76cb1b06bbf7",
                "create_time": "2020-08-20T06:32:27.171Z",
                "expiration_time": "2030-08-18T06:33:27.171Z",
                "sha1_fingerprint": "1c72cd28a6facb0ef8ea562029ecb1e42795fd28"
              }
            ],
            "service_account_email_address": "p117790087736-2kdftr@gcp-sa-cloud-sql.iam.gserviceaccount.com",
            "settings": [
              {
                "activation_policy": "ALWAYS",
                "authorized_gae_applications": [],
                "availability_type": "",
                "backup_configuration": [
                  {
                    "binary_log_enabled": false,
                    "enabled": false,
                    "location": "",
                    "point_in_time_recovery_enabled": false,
                    "start_time": "12:00"
                  }
                ],
                "crash_safe_replication": false,
                "database_flags": [],
                "disk_autoresize": true,
                "disk_size": 10,
                "disk_type": "PD_SSD",
                "ip_configuration": [
                  {
                    "authorized_networks": [],
                    "ipv4_enabled": false,
                    "private_network": "projects/gcp-learning-283803/global/networks/dev-vpc",
                    "require_ssl": false
                  }
                ],
                "location_preference": [
                  {
                    "follow_gae_application": "",
                    "zone": "us-central1-a"
                  }
                ],
                "maintenance_window": [],
                "pricing_plan": "PER_USE",
                "replication_type": "SYNCHRONOUS",
                "tier": "db-f1-micro",
                "user_labels": {},
                "version": 1
              }
            ],
            "timeouts": null
          },
          "private": "eyJlMmJmYjczMC1lY2FhLTExZTYtOGY4OC0zNDM2M2JjN2M0YzAiOnsiY3JlYXRlIjoxMjAwMDAwMDAwMDAwLCJkZWxldGUiOjEyMDAwMDAwMDAwMDAsInVwZGF0ZSI6MTIwMDAwMDAwMDAwMH19",
          "depends_on": [
            "google_service_networking_connection.private_vpc_connection",
            "random_id.db_name_suffix"
          ]
        }
      ]
    },
    {
      "mode": "managed",
      "type": "google_sql_user",
      "name": "default",
      "provider": "provider.google",
      "instances": [
        {
          "schema_version": 1,
          "attributes": {
            "host": "%",
            "id": "root/%/private-instance-e8c491c8",
            "instance": "private-instance-e8c491c8",
            "name": "root",
            "password": "Sa961419!",
            "project": "gcp-learning-283803",
            "timeouts": null
          },
          "private": "eyJlMmJmYjczMC1lY2FhLTExZTYtOGY4OC0zNDM2M2JjN2M0YzAiOnsiY3JlYXRlIjo2MDAwMDAwMDAwMDAsImRlbGV0ZSI6NjAwMDAwMDAwMDAwLCJ1cGRhdGUiOjYwMDAwMDAwMDAwMH0sInNjaGVtYV92ZXJzaW9uIjoiMSJ9",
          "depends_on": [
            "google_sql_database_instance.instance"
          ]
        }
      ]
    },
    {
      "mode": "managed",
      "type": "random_id",
      "name": "db_name_suffix",
      "provider": "provider.random",
      "instances": [
        {
          "schema_version": 0,
          "attributes": {
            "b64": "6MSRyA",
            "b64_std": "6MSRyA==",
            "b64_url": "6MSRyA",
            "byte_length": 4,
            "dec": "3905196488",
            "hex": "e8c491c8",
            "id": "6MSRyA",
            "keepers": null,
            "prefix": null
          },
          "private": "bnVsbA=="
        }
      ]
    }
  ]
}
